// !$*UTF8*$!
{
	archiveVersion = 1;
	classes = {
	};
	objectVersion = 50;
	objects = {

/* Begin PBXBuildFile section */
		6A4F390D2157FDB400B11C0A /* AppDelegate.swift in Sources */ = {isa = PBXBuildFile; fileRef = 6A4F390C2157FDB400B11C0A /* AppDelegate.swift */; };
		6A4F390F2157FDB400B11C0A /* ViewController.swift in Sources */ = {isa = PBXBuildFile; fileRef = 6A4F390E2157FDB400B11C0A /* ViewController.swift */; };
		6A4F39122157FDB400B11C0A /* Main.storyboard in Resources */ = {isa = PBXBuildFile; fileRef = 6A4F39102157FDB400B11C0A /* Main.storyboard */; };
		6A4F39152157FDB400B11C0A /* Expandable_Menu_Example.xcdatamodeld in Sources */ = {isa = PBXBuildFile; fileRef = 6A4F39132157FDB400B11C0A /* Expandable_Menu_Example.xcdatamodeld */; };
		6A4F39172157FDB600B11C0A /* Assets.xcassets in Resources */ = {isa = PBXBuildFile; fileRef = 6A4F39162157FDB600B11C0A /* Assets.xcassets */; };
		6A4F391A2157FDB600B11C0A /* LaunchScreen.storyboard in Resources */ = {isa = PBXBuildFile; fileRef = 6A4F39182157FDB600B11C0A /* LaunchScreen.storyboard */; };
		6A4F39252157FDB600B11C0A /* Expandable_Menu_ExampleTests.swift in Sources */ = {isa = PBXBuildFile; fileRef = 6A4F39242157FDB600B11C0A /* Expandable_Menu_ExampleTests.swift */; };
		6A4F39302157FDB600B11C0A /* Expandable_Menu_ExampleUITests.swift in Sources */ = {isa = PBXBuildFile; fileRef = 6A4F392F2157FDB600B11C0A /* Expandable_Menu_ExampleUITests.swift */; };
/* End PBXBuildFile section */

/* Begin PBXContainerItemProxy section */
		6A4F39212157FDB600B11C0A /* PBXContainerItemProxy */ = {
			isa = PBXContainerItemProxy;
			containerPortal = 6A4F39012157FDB400B11C0A /* Project object */;
			proxyType = 1;
			remoteGlobalIDString = 6A4F39082157FDB400B11C0A;
			remoteInfo = "Expandable Menu Example";
		};
		6A4F392C2157FDB600B11C0A /* PBXContainerItemProxy */ = {
			isa = PBXContainerItemProxy;
			containerPortal = 6A4F39012157FDB400B11C0A /* Project object */;
			proxyType = 1;
			remoteGlobalIDString = 6A4F39082157FDB400B11C0A;
			remoteInfo = "Expandable Menu Example";
		};
/* End PBXContainerItemProxy section */

/* Begin PBXFileReference section */
		6A4F39092157FDB400B11C0A /* Expandable Menu Example.app */ = {isa = PBXFileReference; explicitFileType = wrapper.application; includeInIndex = 0; path = "Expandable Menu Example.app"; sourceTree = BUILT_PRODUCTS_DIR; };
		6A4F390C2157FDB400B11C0A /* AppDelegate.swift */ = {isa = PBXFileReference; lastKnownFileType = sourcecode.swift; path = AppDelegate.swift; sourceTree = "<group>"; };
		6A4F390E2157FDB400B11C0A /* ViewController.swift */ = {isa = PBXFileReference; lastKnownFileType = sourcecode.swift; path = ViewController.swift; sourceTree = "<group>"; };
		6A4F39112157FDB400B11C0A /* Base */ = {isa = PBXFileReference; lastKnownFileType = file.storyboard; name = Base; path = Base.lproj/Main.storyboard; sourceTree = "<group>"; };
		6A4F39142157FDB400B11C0A /* Expandable_Menu_Example.xcdatamodel */ = {isa = PBXFileReference; lastKnownFileType = wrapper.xcdatamodel; path = Expandable_Menu_Example.xcdatamodel; sourceTree = "<group>"; };
		6A4F39162157FDB600B11C0A /* Assets.xcassets */ = {isa = PBXFileReference; lastKnownFileType = folder.assetcatalog; path = Assets.xcassets; sourceTree = "<group>"; };
		6A4F39192157FDB600B11C0A /* Base */ = {isa = PBXFileReference; lastKnownFileType = file.storyboard; name = Base; path = Base.lproj/LaunchScreen.storyboard; sourceTree = "<group>"; };
		6A4F391B2157FDB600B11C0A /* Info.plist */ = {isa = PBXFileReference; lastKnownFileType = text.plist.xml; path = Info.plist; sourceTree = "<group>"; };
		6A4F39202157FDB600B11C0A /* Expandable Menu ExampleTests.xctest */ = {isa = PBXFileReference; explicitFileType = wrapper.cfbundle; includeInIndex = 0; path = "Expandable Menu ExampleTests.xctest"; sourceTree = BUILT_PRODUCTS_DIR; };
		6A4F39242157FDB600B11C0A /* Expandable_Menu_ExampleTests.swift */ = {isa = PBXFileReference; lastKnownFileType = sourcecode.swift; path = Expandable_Menu_ExampleTests.swift; sourceTree = "<group>"; };
		6A4F39262157FDB600B11C0A /* Info.plist */ = {isa = PBXFileReference; lastKnownFileType = text.plist.xml; path = Info.plist; sourceTree = "<group>"; };
		6A4F392B2157FDB600B11C0A /* Expandable Menu ExampleUITests.xctest */ = {isa = PBXFileReference; explicitFileType = wrapper.cfbundle; includeInIndex = 0; path = "Expandable Menu ExampleUITests.xctest"; sourceTree = BUILT_PRODUCTS_DIR; };
		6A4F392F2157FDB600B11C0A /* Expandable_Menu_ExampleUITests.swift */ = {isa = PBXFileReference; lastKnownFileType = sourcecode.swift; path = Expandable_Menu_ExampleUITests.swift; sourceTree = "<group>"; };
		6A4F39312157FDB600B11C0A /* Info.plist */ = {isa = PBXFileReference; lastKnownFileType = text.plist.xml; path = Info.plist; sourceTree = "<group>"; };
/* End PBXFileReference section */

/* Begin PBXFrameworksBuildPhase section */
		6A4F39062157FDB400B11C0A /* Frameworks */ = {
			isa = PBXFrameworksBuildPhase;
			buildActionMask = 2147483647;
			files = (
			);
			runOnlyForDeploymentPostprocessing = 0;
		};
		6A4F391D2157FDB600B11C0A /* Frameworks */ = {
			isa = PBXFrameworksBuildPhase;
			buildActionMask = 2147483647;
			files = (
			);
			runOnlyForDeploymentPostprocessing = 0;
		};
		6A4F39282157FDB600B11C0A /* Frameworks */ = {
			isa = PBXFrameworksBuildPhase;
			buildActionMask = 2147483647;
			files = (
			);
			runOnlyForDeploymentPostprocessing = 0;
		};
/* End PBXFrameworksBuildPhase section */

/* Begin PBXGroup section */
		6A4F39002157FDB400B11C0A = {
			isa = PBXGroup;
			children = (
				6A4F390B2157FDB400B11C0A /* Expandable Menu Example */,
				6A4F39232157FDB600B11C0A /* Expandable Menu ExampleTests */,
				6A4F392E2157FDB600B11C0A /* Expandable Menu ExampleUITests */,
				6A4F390A2157FDB400B11C0A /* Products */,
			);
			sourceTree = "<group>";
		};
		6A4F390A2157FDB400B11C0A /* Products */ = {
			isa = PBXGroup;
			children = (
				6A4F39092157FDB400B11C0A /* Expandable Menu Example.app */,
				6A4F39202157FDB600B11C0A /* Expandable Menu ExampleTests.xctest */,
				6A4F392B2157FDB600B11C0A /* Expandable Menu ExampleUITests.xctest */,
			);
			name = Products;
			sourceTree = "<group>";
		};
		6A4F390B2157FDB400B11C0A /* Expandable Menu Example */ = {
			isa = PBXGroup;
			children = (
				6A4F390C2157FDB400B11C0A /* AppDelegate.swift */,
				6A4F390E2157FDB400B11C0A /* ViewController.swift */,
				6A4F39102157FDB400B11C0A /* Main.storyboard */,
				6A4F39162157FDB600B11C0A /* Assets.xcassets */,
				6A4F39182157FDB600B11C0A /* LaunchScreen.storyboard */,
				6A4F391B2157FDB600B11C0A /* Info.plist */,
				6A4F39132157FDB400B11C0A /* Expandable_Menu_Example.xcdatamodeld */,
			);
			path = "Expandable Menu Example";
			sourceTree = "<group>";
		};
		6A4F39232157FDB600B11C0A /* Expandable Menu ExampleTests */ = {
			isa = PBXGroup;
			children = (
				6A4F39242157FDB600B11C0A /* Expandable_Menu_ExampleTests.swift */,
				6A4F39262157FDB600B11C0A /* Info.plist */,
			);
			path = "Expandable Menu ExampleTests";
			sourceTree = "<group>";
		};
		6A4F392E2157FDB600B11C0A /* Expandable Menu ExampleUITests */ = {
			isa = PBXGroup;
			children = (
				6A4F392F2157FDB600B11C0A /* Expandable_Menu_ExampleUITests.swift */,
				6A4F39312157FDB600B11C0A /* Info.plist */,
			);
			path = "Expandable Menu ExampleUITests";
			sourceTree = "<group>";
		};
/* End PBXGroup section */

/* Begin PBXNativeTarget section */
		6A4F39082157FDB400B11C0A /* Expandable Menu Example */ = {
			isa = PBXNativeTarget;
			buildConfigurationList = 6A4F39342157FDB600B11C0A /* Build configuration list for PBXNativeTarget "Expandable Menu Example" */;
			buildPhases = (
				6A4F39052157FDB400B11C0A /* Sources */,
				6A4F39062157FDB400B11C0A /* Frameworks */,
				6A4F39072157FDB400B11C0A /* Resources */,
			);
			buildRules = (
			);
			dependencies = (
			);
			name = "Expandable Menu Example";
			productName = "Expandable Menu Example";
			productReference = 6A4F39092157FDB400B11C0A /* Expandable Menu Example.app */;
			productType = "com.apple.product-type.application";
		};
		6A4F391F2157FDB600B11C0A /* Expandable Menu ExampleTests */ = {
			isa = PBXNativeTarget;
			buildConfigurationList = 6A4F39372157FDB600B11C0A /* Build configuration list for PBXNativeTarget "Expandable Menu ExampleTests" */;
			buildPhases = (
				6A4F391C2157FDB600B11C0A /* Sources */,
				6A4F391D2157FDB600B11C0A /* Frameworks */,
				6A4F391E2157FDB600B11C0A /* Resources */,
			);
			buildRules = (
			);
			dependencies = (
				6A4F39222157FDB600B11C0A /* PBXTargetDependency */,
			);
			name = "Expandable Menu ExampleTests";
			productName = "Expandable Menu ExampleTests";
			productReference = 6A4F39202157FDB600B11C0A /* Expandable Menu ExampleTests.xctest */;
			productType = "com.apple.product-type.bundle.unit-test";
		};
		6A4F392A2157FDB600B11C0A /* Expandable Menu ExampleUITests */ = {
			isa = PBXNativeTarget;
			buildConfigurationList = 6A4F393A2157FDB600B11C0A /* Build configuration list for PBXNativeTarget "Expandable Menu ExampleUITests" */;
			buildPhases = (
				6A4F39272157FDB600B11C0A /* Sources */,
				6A4F39282157FDB600B11C0A /* Frameworks */,
				6A4F39292157FDB600B11C0A /* Resources */,
			);
			buildRules = (
			);
			dependencies = (
				6A4F392D2157FDB600B11C0A /* PBXTargetDependency */,
			);
			name = "Expandable Menu ExampleUITests";
			productName = "Expandable Menu ExampleUITests";
			productReference = 6A4F392B2157FDB600B11C0A /* Expandable Menu ExampleUITests.xctest */;
			productType = "com.apple.product-type.bundle.ui-testing";
		};
/* End PBXNativeTarget section */

/* Begin PBXProject section */
		6A4F39012157FDB400B11C0A /* Project object */ = {
			isa = PBXProject;
			attributes = {
				LastSwiftUpdateCheck = 0940;
				LastUpgradeCheck = 0940;
				ORGANIZATIONNAME = Smn;
				TargetAttributes = {
					6A4F39082157FDB400B11C0A = {
						CreatedOnToolsVersion = 9.4.1;
					};
					6A4F391F2157FDB600B11C0A = {
						CreatedOnToolsVersion = 9.4.1;
						TestTargetID = 6A4F39082157FDB400B11C0A;
					};
					6A4F392A2157FDB600B11C0A = {
						CreatedOnToolsVersion = 9.4.1;
						TestTargetID = 6A4F39082157FDB400B11C0A;
					};
				};
			};
			buildConfigurationList = 6A4F39042157FDB400B11C0A /* Build configuration list for PBXProject "Expandable Menu Example" */;
			compatibilityVersion = "Xcode 9.3";
			developmentRegion = en;
			hasScannedForEncodings = 0;
			knownRegions = (
				en,
				Base,
			);
			mainGroup = 6A4F39002157FDB400B11C0A;
			productRefGroup = 6A4F390A2157FDB400B11C0A /* Products */;
			projectDirPath = "";
			projectRoot = "";
			targets = (
				6A4F39082157FDB400B11C0A /* Expandable Menu Example */,
				6A4F391F2157FDB600B11C0A /* Expandable Menu ExampleTests */,
				6A4F392A2157FDB600B11C0A /* Expandable Menu ExampleUITests */,
			);
		};
/* End PBXProject section */

/* Begin PBXResourcesBuildPhase section */
		6A4F39072157FDB400B11C0A /* Resources */ = {
			isa = PBXResourcesBuildPhase;
			buildActionMask = 2147483647;
			files = (
				6A4F391A2157FDB600B11C0A /* LaunchScreen.storyboard in Resources */,
				6A4F39172157FDB600B11C0A /* Assets.xcassets in Resources */,
				6A4F39122157FDB400B11C0A /* Main.storyboard in Resources */,
			);
			runOnlyForDeploymentPostprocessing = 0;
		};
		6A4F391E2157FDB600B11C0A /* Resources */ = {
			isa = PBXResourcesBuildPhase;
			buildActionMask = 2147483647;
			files = (
			);
			runOnlyForDeploymentPostprocessing = 0;
		};
		6A4F39292157FDB600B11C0A /* Resources */ = {
			isa = PBXResourcesBuildPhase;
			buildActionMask = 2147483647;
			files = (
			);
			runOnlyForDeploymentPostprocessing = 0;
		};
/* End PBXResourcesBuildPhase section */

/* Begin PBXSourcesBuildPhase section */
		6A4F39052157FDB400B11C0A /* Sources */ = {
			isa = PBXSourcesBuildPhase;
			buildActionMask = 2147483647;
			files = (
				6A4F39152157FDB400B11C0A /* Expandable_Menu_Example.xcdatamodeld in Sources */,
				6A4F390F2157FDB400B11C0A /* ViewController.swift in Sources */,
				6A4F390D2157FDB400B11C0A /* AppDelegate.swift in Sources */,
			);
			runOnlyForDeploymentPostprocessing = 0;
		};
		6A4F391C2157FDB600B11C0A /* Sources */ = {
			isa = PBXSourcesBuildPhase;
			buildActionMask = 2147483647;
			files = (
				6A4F39252157FDB600B11C0A /* Expandable_Menu_ExampleTests.swift in Sources */,
			);
			runOnlyForDeploymentPostprocessing = 0;
		};
		6A4F39272157FDB600B11C0A /* Sources */ = {
			isa = PBXSourcesBuildPhase;
			buildActionMask = 2147483647;
			files = (
				6A4F39302157FDB600B11C0A /* Expandable_Menu_ExampleUITests.swift in Sources */,
			);
			runOnlyForDeploymentPostprocessing = 0;
		};
/* End PBXSourcesBuildPhase section */

/* Begin PBXTargetDependency section */
		6A4F39222157FDB600B11C0A /* PBXTargetDependency */ = {
			isa = PBXTargetDependency;
			target = 6A4F39082157FDB400B11C0A /* Expandable Menu Example */;
			targetProxy = 6A4F39212157FDB600B11C0A /* PBXContainerItemProxy */;
		};
		6A4F392D2157FDB600B11C0A /* PBXTargetDependency */ = {
			isa = PBXTargetDependency;
			target = 6A4F39082157FDB400B11C0A /* Expandable Menu Example */;
			targetProxy = 6A4F392C2157FDB600B11C0A /* PBXContainerItemProxy */;
		};
/* End PBXTargetDependency section */

/* Begin PBXVariantGroup section */
		6A4F39102157FDB400B11C0A /* Main.storyboard */ = {
			isa = PBXVariantGroup;
			children = (
				6A4F39112157FDB400B11C0A /* Base */,
			);
			name = Main.storyboard;
			sourceTree = "<group>";
		};
		6A4F39182157FDB600B11C0A /* LaunchScreen.storyboard */ = {
			isa = PBXVariantGroup;
			children = (
				6A4F39192157FDB600B11C0A /* Base */,
			);
			name = LaunchScreen.storyboard;
			sourceTree = "<group>";
		};
/* End PBXVariantGroup section */

/* Begin XCBuildConfiguration section */
		6A4F39322157FDB600B11C0A /* Debug */ = {
			isa = XCBuildConfiguration;
			buildSettings = {
				ALWAYS_SEARCH_USER_PATHS = NO;
				CLANG_ANALYZER_NONNULL = YES;
				CLANG_ANALYZER_NUMBER_OBJECT_CONVERSION = YES_AGGRESSIVE;
				CLANG_CXX_LANGUAGE_STANDARD = "gnu++14";
				CLANG_CXX_LIBRARY = "libc++";
				CLANG_ENABLE_MODULES = YES;
				CLANG_ENABLE_OBJC_ARC = YES;
				CLANG_ENABLE_OBJC_WEAK = YES;
				CLANG_WARN_BLOCK_CAPTURE_AUTORELEASING = YES;
				CLANG_WARN_BOOL_CONVERSION = YES;
				CLANG_WARN_COMMA = YES;
				CLANG_WARN_CONSTANT_CONVERSION = YES;
				CLANG_WARN_DEPRECATED_OBJC_IMPLEMENTATIONS = YES;
				CLANG_WARN_DIRECT_OBJC_ISA_USAGE = YES_ERROR;
				CLANG_WARN_DOCUMENTATION_COMMENTS = YES;
				CLANG_WARN_EMPTY_BODY = YES;
				CLANG_WARN_ENUM_CONVERSION = YES;
				CLANG_WARN_INFINITE_RECURSION = YES;
				CLANG_WARN_INT_CONVERSION = YES;
				CLANG_WARN_NON_LITERAL_NULL_CONVERSION = YES;
				CLANG_WARN_OBJC_IMPLICIT_RETAIN_SELF = YES;
				CLANG_WARN_OBJC_LITERAL_CONVERSION = YES;
				CLANG_WARN_OBJC_ROOT_CLASS = YES_ERROR;
				CLANG_WARN_RANGE_LOOP_ANALYSIS = YES;
				CLANG_WARN_STRICT_PROTOTYPES = YES;
				CLANG_WARN_SUSPICIOUS_MOVE = YES;
				CLANG_WARN_UNGUARDED_AVAILABILITY = YES_AGGRESSIVE;
				CLANG_WARN_UNREACHABLE_CODE = YES;
				CLANG_WARN__DUPLICATE_METHOD_MATCH = YES;
				CODE_SIGN_IDENTITY = "iPhone Developer";
				COPY_PHASE_STRIP = NO;
				DEBUG_INFORMATION_FORMAT = dwarf;
				ENABLE_STRICT_OBJC_MSGSEND = YES;
				ENABLE_TESTABILITY = YES;
				GCC_C_LANGUAGE_STANDARD = gnu11;
				GCC_DYNAMIC_NO_PIC = NO;
				GCC_NO_COMMON_BLOCKS = YES;
				GCC_OPTIMIZATION_LEVEL = 0;
				GCC_PREPROCESSOR_DEFINITIONS = (
					"DEBUG=1",
					"$(inherited)",
				);
				GCC_WARN_64_TO_32_BIT_CONVERSION = YES;
				GCC_WARN_ABOUT_RETURN_TYPE = YES_ERROR;
				GCC_WARN_UNDECLARED_SELECTOR = YES;
				GCC_WARN_UNINITIALIZED_AUTOS = YES_AGGRESSIVE;
				GCC_WARN_UNUSED_FUNCTION = YES;
				GCC_WARN_UNUSED_VARIABLE = YES;
				IPHONEOS_DEPLOYMENT_TARGET = 11.4;
				MTL_ENABLE_DEBUG_INFO = YES;
				ONLY_ACTIVE_ARCH = YES;
				SDKROOT = iphoneos;
				SWIFT_ACTIVE_COMPILATION_CONDITIONS = DEBUG;
				SWIFT_OPTIMIZATION_LEVEL = "-Onone";
			};
			name = Debug;
		};
		6A4F39332157FDB600B11C0A /* Release */ = {
			isa = XCBuildConfiguration;
			buildSettings = {
				ALWAYS_SEARCH_USER_PATHS = NO;
				CLANG_ANALYZER_NONNULL = YES;
				CLANG_ANALYZER_NUMBER_OBJECT_CONVERSION = YES_AGGRESSIVE;
				CLANG_CXX_LANGUAGE_STANDARD = "gnu++14";
				CLANG_CXX_LIBRARY = "libc++";
				CLANG_ENABLE_MODULES = YES;
				CLANG_ENABLE_OBJC_ARC = YES;
				CLANG_ENABLE_OBJC_WEAK = YES;
				CLANG_WARN_BLOCK_CAPTURE_AUTORELEASING = YES;
				CLANG_WARN_BOOL_CONVERSION = YES;
				CLANG_WARN_COMMA = YES;
				CLANG_WARN_CONSTANT_CONVERSION = YES;
				CLANG_WARN_DEPRECATED_OBJC_IMPLEMENTATIONS = YES;
				CLANG_WARN_DIRECT_OBJC_ISA_USAGE = YES_ERROR;
				CLANG_WARN_DOCUMENTATION_COMMENTS = YES;
				CLANG_WARN_EMPTY_BODY = YES;
				CLANG_WARN_ENUM_CONVERSION = YES;
				CLANG_WARN_INFINITE_RECURSION = YES;
				CLANG_WARN_INT_CONVERSION = YES;
				CLANG_WARN_NON_LITERAL_NULL_CONVERSION = YES;
				CLANG_WARN_OBJC_IMPLICIT_RETAIN_SELF = YES;
				CLANG_WARN_OBJC_LITERAL_CONVERSION = YES;
				CLANG_WARN_OBJC_ROOT_CLASS = YES_ERROR;
				CLANG_WARN_RANGE_LOOP_ANALYSIS = YES;
				CLANG_WARN_STRICT_PROTOTYPES = YES;
				CLANG_WARN_SUSPICIOUS_MOVE = YES;
				CLANG_WARN_UNGUARDED_AVAILABILITY = YES_AGGRESSIVE;
				CLANG_WARN_UNREACHABLE_CODE = YES;
				CLANG_WARN__DUPLICATE_METHOD_MATCH = YES;
				CODE_SIGN_IDENTITY = "iPhone Developer";
				COPY_PHASE_STRIP = NO;
				DEBUG_INFORMATION_FORMAT = "dwarf-with-dsym";
				ENABLE_NS_ASSERTIONS = NO;
				ENABLE_STRICT_OBJC_MSGSEND = YES;
				GCC_C_LANGUAGE_STANDARD = gnu11;
				GCC_NO_COMMON_BLOCKS = YES;
				GCC_WARN_64_TO_32_BIT_CONVERSION = YES;
				GCC_WARN_ABOUT_RETURN_TYPE = YES_ERROR;
				GCC_WARN_UNDECLARED_SELECTOR = YES;
				GCC_WARN_UNINITIALIZED_AUTOS = YES_AGGRESSIVE;
				GCC_WARN_UNUSED_FUNCTION = YES;
				GCC_WARN_UNUSED_VARIABLE = YES;
				IPHONEOS_DEPLOYMENT_TARGET = 11.4;
				MTL_ENABLE_DEBUG_INFO = NO;
				SDKROOT = iphoneos;
				SWIFT_COMPILATION_MODE = wholemodule;
				SWIFT_OPTIMIZATION_LEVEL = "-O";
				VALIDATE_PRODUCT = YES;
			};
			name = Release;
		};
		6A4F39352157FDB600B11C0A /* Debug */ = {
			isa = XCBuildConfiguration;
			buildSettings = {
				ASSETCATALOG_COMPILER_APPICON_NAME = AppIcon;
				CODE_SIGN_STYLE = Automatic;
				INFOPLIST_FILE = "Expandable Menu Example/Info.plist";
				LD_RUNPATH_SEARCH_PATHS = (
					"$(inherited)",
					"@executable_path/Frameworks",
				);
				PRODUCT_BUNDLE_IDENTIFIER = "com.lucas.studies.Expandable-Menu-Example";
				PRODUCT_NAME = "$(TARGET_NAME)";
				SWIFT_VERSION = 4.0;
				TARGETED_DEVICE_FAMILY = "1,2";
			};
			name = Debug;
		};
		6A4F39362157FDB600B11C0A /* Release */ = {
			isa = XCBuildConfiguration;
			buildSettings = {
				ASSETCATALOG_COMPILER_APPICON_NAME = AppIcon;
				CODE_SIGN_STYLE = Automatic;
				INFOPLIST_FILE = "Expandable Menu Example/Info.plist";
				LD_RUNPATH_SEARCH_PATHS = (
					"$(inherited)",
					"@executable_path/Frameworks",
				);
				PRODUCT_BUNDLE_IDENTIFIER = "com.lucas.studies.Expandable-Menu-Example";
				PRODUCT_NAME = "$(TARGET_NAME)";
				SWIFT_VERSION = 4.0;
				TARGETED_DEVICE_FAMILY = "1,2";
			};
			name = Release;
		};
		6A4F39382157FDB600B11C0A /* Debug */ = {
			isa = XCBuildConfiguration;
			buildSettings = {
				ALWAYS_EMBED_SWIFT_STANDARD_LIBRARIES = YES;
				BUNDLE_LOADER = "$(TEST_HOST)";
				CODE_SIGN_STYLE = Automatic;
				INFOPLIST_FILE = "Expandable Menu ExampleTests/Info.plist";
				LD_RUNPATH_SEARCH_PATHS = (
					"$(inherited)",
					"@executable_path/Frameworks",
					"@loader_path/Frameworks",
				);
				PRODUCT_BUNDLE_IDENTIFIER = "com.lucas.studies.Expandable-Menu-ExampleTests";
				PRODUCT_NAME = "$(TARGET_NAME)";
				SWIFT_VERSION = 4.0;
				TARGETED_DEVICE_FAMILY = "1,2";
				TEST_HOST = "$(BUILT_PRODUCTS_DIR)/Expandable Menu Example.app/Expandable Menu Example";
			};
			name = Debug;
		};
		6A4F39392157FDB600B11C0A /* Release */ = {
			isa = XCBuildConfiguration;
			buildSettings = {
				ALWAYS_EMBED_SWIFT_STANDARD_LIBRARIES = YES;
				BUNDLE_LOADER = "$(TEST_HOST)";
				CODE_SIGN_STYLE = Automatic;
				INFOPLIST_FILE = "Expandable Menu ExampleTests/Info.plist";
				LD_RUNPATH_SEARCH_PATHS = (
					"$(inherited)",
					"@executable_path/Frameworks",
					"@loader_path/Frameworks",
				);
				PRODUCT_BUNDLE_IDENTIFIER = "com.lucas.studies.Expandable-Menu-ExampleTests";
				PRODUCT_NAME = "$(TARGET_NAME)";
				SWIFT_VERSION = 4.0;
				TARGETED_DEVICE_FAMILY = "1,2";
				TEST_HOST = "$(BUILT_PRODUCTS_DIR)/Expandable Menu Example.app/Expandable Menu Example";
			};
			name = Release;
		};
		6A4F393B2157FDB600B11C0A /* Debug */ = {
			isa = XCBuildConfiguration;
			buildSettings = {
				ALWAYS_EMBED_SWIFT_STANDARD_LIBRARIES = YES;
				CODE_SIGN_STYLE = Automatic;
				INFOPLIST_FILE = "Expandable Menu ExampleUITests/Info.plist";
				LD_RUNPATH_SEARCH_PATHS = (
					"$(inherited)",
					"@executable_path/Frameworks",
					"@loader_path/Frameworks",
				);
				PRODUCT_BUNDLE_IDENTIFIER = "com.lucas.studies.Expandable-Menu-ExampleUITests";
				PRODUCT_NAME = "$(TARGET_NAME)";
				SWIFT_VERSION = 4.0;
				TARGETED_DEVICE_FAMILY = "1,2";
				TEST_TARGET_NAME = "Expandable Menu Example";
			};
			name = Debug;
		};
		6A4F393C2157FDB600B11C0A /* Release */ = {
			isa = XCBuildConfiguration;
			buildSettings = {
				ALWAYS_EMBED_SWIFT_STANDARD_LIBRARIES = YES;
				CODE_SIGN_STYLE = Automatic;
				INFOPLIST_FILE = "Expandable Menu ExampleUITests/Info.plist";
				LD_RUNPATH_SEARCH_PATHS = (
					"$(inherited)",
					"@executable_path/Frameworks",
					"@loader_path/Frameworks",
				);
				PRODUCT_BUNDLE_IDENTIFIER = "com.lucas.studies.Expandable-Menu-ExampleUITests";
				PRODUCT_NAME = "$(TARGET_NAME)";
				SWIFT_VERSION = 4.0;
				TARGETED_DEVICE_FAMILY = "1,2";
				TEST_TARGET_NAME = "Expandable Menu Example";
			};
			name = Release;
		};
/* End XCBuildConfiguration section */

/* Begin XCConfigurationList section */
		6A4F39042157FDB400B11C0A /* Build configuration list for PBXProject "Expandable Menu Example" */ = {
			isa = XCConfigurationList;
			buildConfigurations = (
				6A4F39322157FDB600B11C0A /* Debug */,
				6A4F39332157FDB600B11C0A /* Release */,
			);
			defaultConfigurationIsVisible = 0;
			defaultConfigurationName = Release;
		};
		6A4F39342157FDB600B11C0A /* Build configuration list for PBXNativeTarget "Expandable Menu Example" */ = {
			isa = XCConfigurationList;
			buildConfigurations = (
				6A4F39352157FDB600B11C0A /* Debug */,
				6A4F39362157FDB600B11C0A /* Release */,
			);
			defaultConfigurationIsVisible = 0;
			defaultConfigurationName = Release;
		};
		6A4F39372157FDB600B11C0A /* Build configuration list for PBXNativeTarget "Expandable Menu ExampleTests" */ = {
			isa = XCConfigurationList;
			buildConfigurations = (
				6A4F39382157FDB600B11C0A /* Debug */,
				6A4F39392157FDB600B11C0A /* Release */,
			);
			defaultConfigurationIsVisible = 0;
			defaultConfigurationName = Release;
		};
		6A4F393A2157FDB600B11C0A /* Build configuration list for PBXNativeTarget "Expandable Menu ExampleUITests" */ = {
			isa = XCConfigurationList;
			buildConfigurations = (
				6A4F393B2157FDB600B11C0A /* Debug */,
				6A4F393C2157FDB600B11C0A /* Release */,
			);
			defaultConfigurationIsVisible = 0;
			defaultConfigurationName = Release;
		};
/* End XCConfigurationList section */

/* Begin XCVersionGroup section */
		6A4F39132157FDB400B11C0A /* Expandable_Menu_Example.xcdatamodeld */ = {
			isa = XCVersionGroup;
			children = (
				6A4F39142157FDB400B11C0A /* Expandable_Menu_Example.xcdatamodel */,
			);
			currentVersion = 6A4F39142157FDB400B11C0A /* Expandable_Menu_Example.xcdatamodel */;
			path = Expandable_Menu_Example.xcdatamodeld;
			sourceTree = "<group>";
			versionGroupType = wrapper.xcdatamodel;
		};
/* End XCVersionGroup section */
	};
	rootObject = 6A4F39012157FDB400B11C0A /* Project object */;
}
